PODS:
  - AWSAuthCore (2.6.20):
    - AWSCore (= 2.6.20)
  - AWSAuthUI (2.6.20):
    - AWSAuthCore (= 2.6.20)
    - AWSCore (= 2.6.20)
  - AWSCognitoIdentityProvider (2.6.20):
    - AWSCognitoIdentityProviderASF (= 1.0.1)
    - AWSCore (= 2.6.20)
  - AWSCognitoIdentityProviderASF (1.0.1)
  - AWSCore (2.6.20)
  - AWSFacebookSignIn (2.6.20):
    - AWSAuthCore (= 2.6.20)
    - FBSDKCoreKit (~> 4.0)
    - FBSDKLoginKit (~> 4.0)
  - AWSMobileClient (2.6.20):
    - AWSAuthCore (= 2.6.20)
  - AWSPinpoint (2.6.20):
    - AWSCore (= 2.6.20)
  - AWSUserPoolsSignIn (2.6.20):
    - AWSAuthCore (= 2.6.20)
    - AWSCognitoIdentityProvider (= 2.6.20)
  - Bolts (1.9.0):
    - Bolts/AppLinks (= 1.9.0)
    - Bolts/Tasks (= 1.9.0)
  - Bolts/AppLinks (1.9.0):
    - Bolts/Tasks
  - Bolts/Tasks (1.9.0)
  - FBSDKCoreKit (4.33.0):
    - Bolts (~> 1.7)
  - FBSDKLoginKit (4.33.0):
    - FBSDKCoreKit

DEPENDENCIES:
  - AWSAuthUI (~> 2.6.13)
  - AWSFacebookSignIn (~> 2.6.13)
  - AWSMobileClient (~> 2.6.13)
  - AWSPinpoint (~> 2.6.13)
  - AWSUserPoolsSignIn (~> 2.6.13)

SPEC REPOS:
  https://github.com/cocoapods/specs.git:
    - AWSAuthCore
    - AWSAuthUI
    - AWSCognitoIdentityProvider
    - AWSCognitoIdentityProviderASF
    - AWSCore
    - AWSFacebookSignIn
    - AWSMobileClient
    - AWSPinpoint
    - AWSUserPoolsSignIn
    - Bolts
    - FBSDKCoreKit
    - FBSDKLoginKit

SPEC CHECKSUMS:
  AWSAuthCore: d435d8b0842c3ee33d1ff6c390d3a62b499b8504
  AWSAuthUI: f2f1fd54692c6549117ea9732f340c237ca34809
  AWSCognitoIdentityProvider: 82158b2c4555ceab8c04368f9cc9ef216bf862e6
  AWSCognitoIdentityProviderASF: f94f1a502e72ef3d0a1de93e10bf7a79c8698118
  AWSCore: dd4d3d4fcafdce68a42025c3e9e45b026cf1f33b
  AWSFacebookSignIn: 9c24c3322ca5001278140c710d5076bd8d77f215
  AWSMobileClient: 87018f052d358ae57ded7af72e43266db9c18d62
  AWSPinpoint: 729343ebfd9172a574bbec3d2248531616c83150
  AWSUserPoolsSignIn: f62cd17b7f81de1dae721d42cef7a83476200966
  Bolts: ac6567323eac61e203f6a9763667d0f711be34c8
  FBSDKCoreKit: 572b047a7e029bc44542bcf8a59414e7ff2b543e
  FBSDKLoginKit: 88cb456349cfb3b554427ce4f8b43729d85dfb40

PODFILE CHECKSUM: 47f65280dc47e6ee7ef0d02beeead974ae34c9d2

COCOAPODS: 1.5.3
